
Microsoft Visual Studio Solution File, Format Version 11.00
# Visual Studio 2010
Project("{FAE04EC0-301F-11D3-BF4B-00C04F79EFBC}") = "Night at the Museum", "Assembly-CSharp.csproj", "{1CC4D73D-4D2E-54D1-EC2B-CBD3E1F758D4}"
EndProject
Project("{FAE04EC0-301F-11D3-BF4B-00C04F79EFBC}") = "Night at the Museum", "Assembly-CSharp-firstpass.csproj", "{EDD027CD-7BD8-F6C4-3D53-56D48435737D}"
EndProject
Project("{FAE04EC0-301F-11D3-BF4B-00C04F79EFBC}") = "Night at the Museum", "Assembly-CSharp-Editor.csproj", "{FF9BAC71-A575-09D0-30F0-61E72A56A99F}"
EndProject
Global
	GlobalSection(SolutionConfigurationPlatforms) = preSolution
		Debug|Any CPU = Debug|Any CPU
		Release|Any CPU = Release|Any CPU
	EndGlobalSection
	GlobalSection(ProjectConfigurationPlatforms) = postSolution
		{1CC4D73D-4D2E-54D1-EC2B-CBD3E1F758D4}.Debug|Any CPU.ActiveCfg = Debug|Any CPU
		{1CC4D73D-4D2E-54D1-EC2B-CBD3E1F758D4}.Debug|Any CPU.Build.0 = Debug|Any CPU
		{1CC4D73D-4D2E-54D1-EC2B-CBD3E1F758D4}.Release|Any CPU.ActiveCfg = Release|Any CPU
		{1CC4D73D-4D2E-54D1-EC2B-CBD3E1F758D4}.Release|Any CPU.Build.0 = Release|Any CPU
		{EDD027CD-7BD8-F6C4-3D53-56D48435737D}.Debug|Any CPU.ActiveCfg = Debug|Any CPU
		{EDD027CD-7BD8-F6C4-3D53-56D48435737D}.Debug|Any CPU.Build.0 = Debug|Any CPU
		{EDD027CD-7BD8-F6C4-3D53-56D48435737D}.Release|Any CPU.ActiveCfg = Release|Any CPU
		{EDD027CD-7BD8-F6C4-3D53-56D48435737D}.Release|Any CPU.Build.0 = Release|Any CPU
		{FF9BAC71-A575-09D0-30F0-61E72A56A99F}.Debug|Any CPU.ActiveCfg = Debug|Any CPU
		{FF9BAC71-A575-09D0-30F0-61E72A56A99F}.Debug|Any CPU.Build.0 = Debug|Any CPU
		{FF9BAC71-A575-09D0-30F0-61E72A56A99F}.Release|Any CPU.ActiveCfg = Release|Any CPU
		{FF9BAC71-A575-09D0-30F0-61E72A56A99F}.Release|Any CPU.Build.0 = Release|Any CPU
	EndGlobalSection
	GlobalSection(SolutionProperties) = preSolution
		HideSolutionNode = FALSE
	EndGlobalSection
	GlobalSection(MonoDevelopProperties) = preSolution
		StartupItem = Assembly-CSharp.csproj
	EndGlobalSection
EndGlobal
